
Microsoft Visual Studio Solution File, Format Version 12.00
# Visual Studio 15
VisualStudioVersion = 15.0.27004.2010
MinimumVisualStudioVersion = 10.0.40219.1
Project("{2150E333-8FDC-42A3-9474-1A3956D46DE8}") = "DAL", "DAL", "{AC16CB4F-1368-4675-BE57-309F281E56DC}"
EndProject
Project("{FAE04EC0-301F-11D3-BF4B-00C04F79EFBC}") = "TopTenMovies.DA", "TopTenMovies.DA\TopTenMovies.DA.csproj", "{2A658F3A-DDC9-448C-965B-3F08D3F8C712}"
EndProject
Project("{FAE04EC0-301F-11D3-BF4B-00C04F79EFBC}") = "TopTenMovies.DB", "TopTenMovies.DB\TopTenMovies.DB.csproj", "{8C2FE466-6F98-41C4-9288-5745A4520562}"
EndProject
Project("{FAE04EC0-301F-11D3-BF4B-00C04F79EFBC}") = "TopTenMovies.Entities", "TopTenMovies.Entities\TopTenMovies.Entities.csproj", "{1929AF45-87A0-4D5E-A01B-E3E730BCEE25}"
EndProject
Project("{2150E333-8FDC-42A3-9474-1A3956D46DE8}") = "BLL", "BLL", "{47758AA1-06D5-42C5-91C7-6AA6282EA576}"
EndProject
Project("{FAE04EC0-301F-11D3-BF4B-00C04F79EFBC}") = "TopTenMovies.BL", "TopTenMovies.BL\TopTenMovies.BL.csproj", "{5A5E8A34-B648-4131-8B16-73C528EA82D0}"
EndProject
Project("{FAE04EC0-301F-11D3-BF4B-00C04F79EFBC}") = "TopTenMovies.IBLL", "TopTenMovies.IBLL\TopTenMovies.IBLL.csproj", "{D7A1AB82-D775-49B7-9CB3-7A33E7261821}"
EndProject
Project("{2150E333-8FDC-42A3-9474-1A3956D46DE8}") = "Common", "Common", "{E55E520B-FEE0-4A62-BDEA-B86789845390}"
EndProject
Project("{FAE04EC0-301F-11D3-BF4B-00C04F79EFBC}") = "TopTenMovies.Consts", "TopTenMovies.Consts\TopTenMovies.Consts.csproj", "{67511238-E688-4AA3-B97B-6B64BAC4ED34}"
EndProject
Project("{FAE04EC0-301F-11D3-BF4B-00C04F79EFBC}") = "TopTenMovies.IDAL", "TopTenMovies.IDAL\TopTenMovies.IDAL.csproj", "{67C66FA0-DD01-4264-A754-D1C4209BC658}"
EndProject
Project("{FAE04EC0-301F-11D3-BF4B-00C04F79EFBC}") = "TopTenMovies.DP", "TopTenMovies.DP\TopTenMovies.DP.csproj", "{6DF63518-027F-4023-832B-A26F9303D4A8}"
EndProject
Project("{2150E333-8FDC-42A3-9474-1A3956D46DE8}") = "API", "API", "{BC5426B5-E53D-4100-80ED-02ECB4F4BC36}"
EndProject
Project("{FAE04EC0-301F-11D3-BF4B-00C04F79EFBC}") = "TopTenMovies.Web", "TopTenMovies.Web\TopTenMovies.Web.csproj", "{A29D34FD-371D-4D18-A3A2-1880A5CDB64C}"
EndProject
Project("{FAE04EC0-301F-11D3-BF4B-00C04F79EFBC}") = "TopTenMovies.API", "TopTenMovies.API\TopTenMovies.API.csproj", "{A3747FB3-F8E4-4BDF-B378-76E2DD99F581}"
EndProject
Project("{2150E333-8FDC-42A3-9474-1A3956D46DE8}") = "WCF", "WCF", "{C4712D1E-5036-4354-A3E1-14CF70129EB8}"
EndProject
Project("{FAE04EC0-301F-11D3-BF4B-00C04F79EFBC}") = "TopTenMovies.APP", "TopTenMovies.APP\TopTenMovies.APP.csproj", "{DBA2ECDE-53D9-41B5-88BF-D54AC524CAE3}"
EndProject
Project("{FAE04EC0-301F-11D3-BF4B-00C04F79EFBC}") = "TopTenMovies.ServiceContracts", "TopTenMovies.ServiceContracts\TopTenMovies.ServiceContracts.csproj", "{AB2EEF6D-515D-438B-886B-FB199F5E3A72}"
EndProject
Project("{FAE04EC0-301F-11D3-BF4B-00C04F79EFBC}") = "TopTenMovies.Orchestration", "TopTenMovies.Orchestration\TopTenMovies.Orchestration.csproj", "{06B967E4-4B81-46EE-AE5E-5D3F3A97AF16}"
EndProject
Project("{2150E333-8FDC-42A3-9474-1A3956D46DE8}") = "SL", "SL", "{D9F8FBDD-72DA-4494-9C2D-E98549A578DB}"
EndProject
Project("{2150E333-8FDC-42A3-9474-1A3956D46DE8}") = "PL", "PL", "{D2FDCFB3-A486-4DC8-92A2-A5971B7D19FB}"
EndProject
Project("{FAE04EC0-301F-11D3-BF4B-00C04F79EFBC}") = "TopTenMovies.API.UnitTests", "TopTenMovies.API.UnitTests\TopTenMovies.API.UnitTests.csproj", "{487295F4-0928-4AF3-B793-73EB55E273A7}"
EndProject
Global
	GlobalSection(SolutionConfigurationPlatforms) = preSolution
		Debug|Any CPU = Debug|Any CPU
		Release|Any CPU = Release|Any CPU
	EndGlobalSection
	GlobalSection(ProjectConfigurationPlatforms) = postSolution
		{2A658F3A-DDC9-448C-965B-3F08D3F8C712}.Debug|Any CPU.ActiveCfg = Debug|Any CPU
		{2A658F3A-DDC9-448C-965B-3F08D3F8C712}.Debug|Any CPU.Build.0 = Debug|Any CPU
		{2A658F3A-DDC9-448C-965B-3F08D3F8C712}.Release|Any CPU.ActiveCfg = Release|Any CPU
		{2A658F3A-DDC9-448C-965B-3F08D3F8C712}.Release|Any CPU.Build.0 = Release|Any CPU
		{8C2FE466-6F98-41C4-9288-5745A4520562}.Debug|Any CPU.ActiveCfg = Debug|Any CPU
		{8C2FE466-6F98-41C4-9288-5745A4520562}.Debug|Any CPU.Build.0 = Debug|Any CPU
		{8C2FE466-6F98-41C4-9288-5745A4520562}.Release|Any CPU.ActiveCfg = Release|Any CPU
		{8C2FE466-6F98-41C4-9288-5745A4520562}.Release|Any CPU.Build.0 = Release|Any CPU
		{1929AF45-87A0-4D5E-A01B-E3E730BCEE25}.Debug|Any CPU.ActiveCfg = Debug|Any CPU
		{1929AF45-87A0-4D5E-A01B-E3E730BCEE25}.Debug|Any CPU.Build.0 = Debug|Any CPU
		{1929AF45-87A0-4D5E-A01B-E3E730BCEE25}.Release|Any CPU.ActiveCfg = Release|Any CPU
		{1929AF45-87A0-4D5E-A01B-E3E730BCEE25}.Release|Any CPU.Build.0 = Release|Any CPU
		{5A5E8A34-B648-4131-8B16-73C528EA82D0}.Debug|Any CPU.ActiveCfg = Debug|Any CPU
		{5A5E8A34-B648-4131-8B16-73C528EA82D0}.Debug|Any CPU.Build.0 = Debug|Any CPU
		{5A5E8A34-B648-4131-8B16-73C528EA82D0}.Release|Any CPU.ActiveCfg = Release|Any CPU
		{5A5E8A34-B648-4131-8B16-73C528EA82D0}.Release|Any CPU.Build.0 = Release|Any CPU
		{D7A1AB82-D775-49B7-9CB3-7A33E7261821}.Debug|Any CPU.ActiveCfg = Debug|Any CPU
		{D7A1AB82-D775-49B7-9CB3-7A33E7261821}.Debug|Any CPU.Build.0 = Debug|Any CPU
		{D7A1AB82-D775-49B7-9CB3-7A33E7261821}.Release|Any CPU.ActiveCfg = Release|Any CPU
		{D7A1AB82-D775-49B7-9CB3-7A33E7261821}.Release|Any CPU.Build.0 = Release|Any CPU
		{67511238-E688-4AA3-B97B-6B64BAC4ED34}.Debug|Any CPU.ActiveCfg = Debug|Any CPU
		{67511238-E688-4AA3-B97B-6B64BAC4ED34}.Debug|Any CPU.Build.0 = Debug|Any CPU
		{67511238-E688-4AA3-B97B-6B64BAC4ED34}.Release|Any CPU.ActiveCfg = Release|Any CPU
		{67511238-E688-4AA3-B97B-6B64BAC4ED34}.Release|Any CPU.Build.0 = Release|Any CPU
		{67C66FA0-DD01-4264-A754-D1C4209BC658}.Debug|Any CPU.ActiveCfg = Debug|Any CPU
		{67C66FA0-DD01-4264-A754-D1C4209BC658}.Debug|Any CPU.Build.0 = Debug|Any CPU
		{67C66FA0-DD01-4264-A754-D1C4209BC658}.Release|Any CPU.ActiveCfg = Release|Any CPU
		{67C66FA0-DD01-4264-A754-D1C4209BC658}.Release|Any CPU.Build.0 = Release|Any CPU
		{6DF63518-027F-4023-832B-A26F9303D4A8}.Debug|Any CPU.ActiveCfg = Debug|Any CPU
		{6DF63518-027F-4023-832B-A26F9303D4A8}.Debug|Any CPU.Build.0 = Debug|Any CPU
		{6DF63518-027F-4023-832B-A26F9303D4A8}.Release|Any CPU.ActiveCfg = Release|Any CPU
		{6DF63518-027F-4023-832B-A26F9303D4A8}.Release|Any CPU.Build.0 = Release|Any CPU
		{A29D34FD-371D-4D18-A3A2-1880A5CDB64C}.Debug|Any CPU.ActiveCfg = Debug|Any CPU
		{A29D34FD-371D-4D18-A3A2-1880A5CDB64C}.Debug|Any CPU.Build.0 = Debug|Any CPU
		{A29D34FD-371D-4D18-A3A2-1880A5CDB64C}.Release|Any CPU.ActiveCfg = Release|Any CPU
		{A29D34FD-371D-4D18-A3A2-1880A5CDB64C}.Release|Any CPU.Build.0 = Release|Any CPU
		{A3747FB3-F8E4-4BDF-B378-76E2DD99F581}.Debug|Any CPU.ActiveCfg = Debug|Any CPU
		{A3747FB3-F8E4-4BDF-B378-76E2DD99F581}.Debug|Any CPU.Build.0 = Debug|Any CPU
		{A3747FB3-F8E4-4BDF-B378-76E2DD99F581}.Release|Any CPU.ActiveCfg = Release|Any CPU
		{A3747FB3-F8E4-4BDF-B378-76E2DD99F581}.Release|Any CPU.Build.0 = Release|Any CPU
		{DBA2ECDE-53D9-41B5-88BF-D54AC524CAE3}.Debug|Any CPU.ActiveCfg = Debug|Any CPU
		{DBA2ECDE-53D9-41B5-88BF-D54AC524CAE3}.Debug|Any CPU.Build.0 = Debug|Any CPU
		{DBA2ECDE-53D9-41B5-88BF-D54AC524CAE3}.Release|Any CPU.ActiveCfg = Release|Any CPU
		{DBA2ECDE-53D9-41B5-88BF-D54AC524CAE3}.Release|Any CPU.Build.0 = Release|Any CPU
		{AB2EEF6D-515D-438B-886B-FB199F5E3A72}.Debug|Any CPU.ActiveCfg = Debug|Any CPU
		{AB2EEF6D-515D-438B-886B-FB199F5E3A72}.Debug|Any CPU.Build.0 = Debug|Any CPU
		{AB2EEF6D-515D-438B-886B-FB199F5E3A72}.Release|Any CPU.ActiveCfg = Release|Any CPU
		{AB2EEF6D-515D-438B-886B-FB199F5E3A72}.Release|Any CPU.Build.0 = Release|Any CPU
		{06B967E4-4B81-46EE-AE5E-5D3F3A97AF16}.Debug|Any CPU.ActiveCfg = Debug|Any CPU
		{06B967E4-4B81-46EE-AE5E-5D3F3A97AF16}.Debug|Any CPU.Build.0 = Debug|Any CPU
		{06B967E4-4B81-46EE-AE5E-5D3F3A97AF16}.Release|Any CPU.ActiveCfg = Release|Any CPU
		{06B967E4-4B81-46EE-AE5E-5D3F3A97AF16}.Release|Any CPU.Build.0 = Release|Any CPU
		{487295F4-0928-4AF3-B793-73EB55E273A7}.Debug|Any CPU.ActiveCfg = Debug|Any CPU
		{487295F4-0928-4AF3-B793-73EB55E273A7}.Debug|Any CPU.Build.0 = Debug|Any CPU
		{487295F4-0928-4AF3-B793-73EB55E273A7}.Release|Any CPU.ActiveCfg = Release|Any CPU
		{487295F4-0928-4AF3-B793-73EB55E273A7}.Release|Any CPU.Build.0 = Release|Any CPU
	EndGlobalSection
	GlobalSection(SolutionProperties) = preSolution
		HideSolutionNode = FALSE
	EndGlobalSection
	GlobalSection(NestedProjects) = preSolution
		{2A658F3A-DDC9-448C-965B-3F08D3F8C712} = {AC16CB4F-1368-4675-BE57-309F281E56DC}
		{8C2FE466-6F98-41C4-9288-5745A4520562} = {AC16CB4F-1368-4675-BE57-309F281E56DC}
		{1929AF45-87A0-4D5E-A01B-E3E730BCEE25} = {E55E520B-FEE0-4A62-BDEA-B86789845390}
		{5A5E8A34-B648-4131-8B16-73C528EA82D0} = {47758AA1-06D5-42C5-91C7-6AA6282EA576}
		{D7A1AB82-D775-49B7-9CB3-7A33E7261821} = {47758AA1-06D5-42C5-91C7-6AA6282EA576}
		{67511238-E688-4AA3-B97B-6B64BAC4ED34} = {E55E520B-FEE0-4A62-BDEA-B86789845390}
		{67C66FA0-DD01-4264-A754-D1C4209BC658} = {AC16CB4F-1368-4675-BE57-309F281E56DC}
		{6DF63518-027F-4023-832B-A26F9303D4A8} = {AC16CB4F-1368-4675-BE57-309F281E56DC}
		{BC5426B5-E53D-4100-80ED-02ECB4F4BC36} = {D9F8FBDD-72DA-4494-9C2D-E98549A578DB}
		{A29D34FD-371D-4D18-A3A2-1880A5CDB64C} = {D2FDCFB3-A486-4DC8-92A2-A5971B7D19FB}
		{A3747FB3-F8E4-4BDF-B378-76E2DD99F581} = {BC5426B5-E53D-4100-80ED-02ECB4F4BC36}
		{C4712D1E-5036-4354-A3E1-14CF70129EB8} = {D9F8FBDD-72DA-4494-9C2D-E98549A578DB}
		{DBA2ECDE-53D9-41B5-88BF-D54AC524CAE3} = {C4712D1E-5036-4354-A3E1-14CF70129EB8}
		{AB2EEF6D-515D-438B-886B-FB199F5E3A72} = {C4712D1E-5036-4354-A3E1-14CF70129EB8}
		{06B967E4-4B81-46EE-AE5E-5D3F3A97AF16} = {C4712D1E-5036-4354-A3E1-14CF70129EB8}
		{487295F4-0928-4AF3-B793-73EB55E273A7} = {BC5426B5-E53D-4100-80ED-02ECB4F4BC36}
	EndGlobalSection
	GlobalSection(ExtensibilityGlobals) = postSolution
		SolutionGuid = {4527DA65-85FE-4B87-AB36-5513295C2C43}
	EndGlobalSection
EndGlobal
